
Microsoft Visual Studio Solution File, Format Version 12.00
# Visual Studio Version 17
VisualStudioVersion = 17.7.34018.315
MinimumVisualStudioVersion = 10.0.40219.1
Project("{FAE04EC0-301F-11D3-BF4B-00C04F79EFBC}") = "koneksi-database-winform", "koneksi-database-winform\koneksi-database-winform.csproj", "{019F45E7-85D3-4377-BD0C-EE14578B3C21}"
EndProject
Global
	GlobalSection(SolutionConfigurationPlatforms) = preSolution
		Debug|Any CPU = Debug|Any CPU
		Release|Any CPU = Release|Any CPU
	EndGlobalSection
	GlobalSection(ProjectConfigurationPlatforms) = postSolution
		{019F45E7-85D3-4377-BD0C-EE14578B3C21}.Debug|Any CPU.ActiveCfg = Debug|Any CPU
		{019F45E7-85D3-4377-BD0C-EE14578B3C21}.Debug|Any CPU.Build.0 = Debug|Any CPU
		{019F45E7-85D3-4377-BD0C-EE14578B3C21}.Release|Any CPU.ActiveCfg = Release|Any CPU
		{019F45E7-85D3-4377-BD0C-EE14578B3C21}.Release|Any CPU.Build.0 = Release|Any CPU
	EndGlobalSection
	GlobalSection(SolutionProperties) = preSolution
		HideSolutionNode = FALSE
	EndGlobalSection
	GlobalSection(ExtensibilityGlobals) = postSolution
		SolutionGuid = {08B0A024-9769-4566-8C5E-A95071A06C14}
	EndGlobalSection
EndGlobal
